
Microsoft Visual Studio Solution File, Format Version 12.00
# Visual Studio Version 16
VisualStudioVersion = 16.0.33927.289
MinimumVisualStudioVersion = 10.0.40219.1
Project("{FAE04EC0-301F-11D3-BF4B-00C04F79EFBC}") = "Ejercicio_1", "TP4-Listas\Ejercicio_1.csproj", "{786E584A-7882-40FA-8C6A-BAD802CA534E}"
EndProject
Project("{FAE04EC0-301F-11D3-BF4B-00C04F79EFBC}") = "Ejercicio_2", "Ejercicio_2\Ejercicio_2.csproj", "{1B57EEF1-28ED-4B58-8B7B-DA3FC48179D1}"
EndProject
Project("{FAE04EC0-301F-11D3-BF4B-00C04F79EFBC}") = "Ejercicio_3", "Ejercicio_3\Ejercicio_3.csproj", "{E48A7137-CB11-4ED8-9D00-11DFA8D88D98}"
EndProject
Project("{FAE04EC0-301F-11D3-BF4B-00C04F79EFBC}") = "Ejercicio_4", "Ejercicio_4\Ejercicio_4.csproj", "{91D558D3-124E-477A-B7B4-9E2FEA577AF1}"
EndProject
Project("{FAE04EC0-301F-11D3-BF4B-00C04F79EFBC}") = "TP4-Listas", "Ejercicio_5\TP4-Listas.csproj", "{65D1549D-F005-4612-8317-A10F4576C379}"
EndProject
Global
	GlobalSection(SolutionConfigurationPlatforms) = preSolution
		Debug|Any CPU = Debug|Any CPU
		Release|Any CPU = Release|Any CPU
	EndGlobalSection
	GlobalSection(ProjectConfigurationPlatforms) = postSolution
		{786E584A-7882-40FA-8C6A-BAD802CA534E}.Debug|Any CPU.ActiveCfg = Debug|Any CPU
		{786E584A-7882-40FA-8C6A-BAD802CA534E}.Debug|Any CPU.Build.0 = Debug|Any CPU
		{786E584A-7882-40FA-8C6A-BAD802CA534E}.Release|Any CPU.ActiveCfg = Release|Any CPU
		{786E584A-7882-40FA-8C6A-BAD802CA534E}.Release|Any CPU.Build.0 = Release|Any CPU
		{1B57EEF1-28ED-4B58-8B7B-DA3FC48179D1}.Debug|Any CPU.ActiveCfg = Debug|Any CPU
		{1B57EEF1-28ED-4B58-8B7B-DA3FC48179D1}.Debug|Any CPU.Build.0 = Debug|Any CPU
		{1B57EEF1-28ED-4B58-8B7B-DA3FC48179D1}.Release|Any CPU.ActiveCfg = Release|Any CPU
		{1B57EEF1-28ED-4B58-8B7B-DA3FC48179D1}.Release|Any CPU.Build.0 = Release|Any CPU
		{E48A7137-CB11-4ED8-9D00-11DFA8D88D98}.Debug|Any CPU.ActiveCfg = Debug|Any CPU
		{E48A7137-CB11-4ED8-9D00-11DFA8D88D98}.Debug|Any CPU.Build.0 = Debug|Any CPU
		{E48A7137-CB11-4ED8-9D00-11DFA8D88D98}.Release|Any CPU.ActiveCfg = Release|Any CPU
		{E48A7137-CB11-4ED8-9D00-11DFA8D88D98}.Release|Any CPU.Build.0 = Release|Any CPU
		{91D558D3-124E-477A-B7B4-9E2FEA577AF1}.Debug|Any CPU.ActiveCfg = Debug|Any CPU
		{91D558D3-124E-477A-B7B4-9E2FEA577AF1}.Debug|Any CPU.Build.0 = Debug|Any CPU
		{91D558D3-124E-477A-B7B4-9E2FEA577AF1}.Release|Any CPU.ActiveCfg = Release|Any CPU
		{91D558D3-124E-477A-B7B4-9E2FEA577AF1}.Release|Any CPU.Build.0 = Release|Any CPU
		{65D1549D-F005-4612-8317-A10F4576C379}.Debug|Any CPU.ActiveCfg = Debug|Any CPU
		{65D1549D-F005-4612-8317-A10F4576C379}.Debug|Any CPU.Build.0 = Debug|Any CPU
		{65D1549D-F005-4612-8317-A10F4576C379}.Release|Any CPU.ActiveCfg = Release|Any CPU
		{65D1549D-F005-4612-8317-A10F4576C379}.Release|Any CPU.Build.0 = Release|Any CPU
	EndGlobalSection
	GlobalSection(SolutionProperties) = preSolution
		HideSolutionNode = FALSE
	EndGlobalSection
	GlobalSection(ExtensibilityGlobals) = postSolution
		SolutionGuid = {E06C6B65-CE25-4C3C-8648-A0E986B91571}
	EndGlobalSection
EndGlobal
